schema: '2.0'
stages:
  prepare:
    cmd: python data_prep.py
    deps:
    - path: data_prep.py
      hash: md5
      md5: cd5f93e7bac9c89ba20c8892f4e9ac0e
      size: 561
    outs:
    - path: outs/prepared_df.csv
      hash: md5
      md5: 655556181d2e82e595c81f38f81749db
      size: 468646
  process:
    cmd: python data_process.py
    deps:
    - path: data_process.py
      hash: md5
      md5: 7ecb1ccf9faa7092343578d6fc58b2b3
      size: 2848
    - path: outs/prepared_df.csv
      hash: md5
      md5: 655556181d2e82e595c81f38f81749db
      size: 468646
    outs:
    - path: outs/processed_test_X.csv
      hash: md5
      md5: 5273c82e7b0e1bf7f21eaa9f01b43519
      size: 228738
    - path: outs/processed_test_y.csv
      hash: md5
      md5: 63a7a1e3afee0cd68bbbd254eecc250a
      size: 4003
    - path: outs/processed_train_X.csv
      hash: md5
      md5: bf187f99c8a7b9feacc34a4fe088f1a3
      size: 914616
    - path: outs/processed_train_y.csv
      hash: md5
      md5: 3a59b540ee34f1ddb0b32c65001ad41c
      size: 15987
  train:
    cmd: python data_train.py
    deps:
    - path: data_train.py
      hash: md5
      md5: 6fd6eaedc75af0fe50d5743b5ccac45a
      size: 4532
    - path: outs/processed_test_X.csv
      hash: md5
      md5: 5273c82e7b0e1bf7f21eaa9f01b43519
      size: 228738
    - path: outs/processed_test_y.csv
      hash: md5
      md5: 63a7a1e3afee0cd68bbbd254eecc250a
      size: 4003
    - path: outs/processed_train_X.csv
      hash: md5
      md5: bf187f99c8a7b9feacc34a4fe088f1a3
      size: 914616
    - path: outs/processed_train_y.csv
      hash: md5
      md5: 3a59b540ee34f1ddb0b32c65001ad41c
      size: 15987
    outs:
    - path: conf_matrix.png
      hash: md5
      md5: a9576830e2cb1df825b6b033b00746c2
      size: 131883
    - path: metrics.json
      hash: md5
      md5: 425ccd9b7dbc448a934ba9a4e247cb3d
      size: 289
